// !$*UTF8*$!
{
	archiveVersion = 1;
	classes = {
	};
	objectVersion = 56;
	objects = {

/* Begin PBXBuildFile section */
		1F169DA22BDA39E30096AB08 /* LoginTests.swift in Sources */ = {isa = PBXBuildFile; fileRef = 1F169DA12BDA39E30096AB08 /* LoginTests.swift */; };
		1F169DA42BDA3A410096AB08 /* AuthResponse.swift in Sources */ = {isa = PBXBuildFile; fileRef = 1F169DA32BDA3A410096AB08 /* AuthResponse.swift */; };
		1F3E6EC52BD91FCC003EC154 /* KeychainSwift in Frameworks */ = {isa = PBXBuildFile; productRef = 1F3E6EC42BD91FCC003EC154 /* KeychainSwift */; };
		1FA56BDC2BD960CF003E3628 /* KeychainTest.swift in Sources */ = {isa = PBXBuildFile; fileRef = 1FA56BDB2BD960CF003E3628 /* KeychainTest.swift */; };
		1FA56BE02BD96FE2003E3628 /* ProfessionalFake.swift in Sources */ = {isa = PBXBuildFile; fileRef = 1FA56BDF2BD96FE2003E3628 /* ProfessionalFake.swift */; };
		1FA56BE22BD97546003E3628 /* ModelsTest.swift in Sources */ = {isa = PBXBuildFile; fileRef = 1FA56BE12BD97546003E3628 /* ModelsTest.swift */; };
		1FA56BE42BD976DF003E3628 /* UserFake.swift in Sources */ = {isa = PBXBuildFile; fileRef = 1FA56BE32BD976DF003E3628 /* UserFake.swift */; };
		1FA56BE62BD9791C003E3628 /* LoginViewModelTest.swift in Sources */ = {isa = PBXBuildFile; fileRef = 1FA56BE52BD9791C003E3628 /* LoginViewModelTest.swift */; };
		1FDDF8032BECC4E200484DD2 /* UseCase.swift in Sources */ = {isa = PBXBuildFile; fileRef = 1FDDF8022BECC4E200484DD2 /* UseCase.swift */; };
		610989B82BC9905700A78684 /* CustomFieldView2.swift in Sources */ = {isa = PBXBuildFile; fileRef = 610989B52BC9905700A78684 /* CustomFieldView2.swift */; };
		610989B92BC9905700A78684 /* CustomTextFieldView2.swift in Sources */ = {isa = PBXBuildFile; fileRef = 610989B62BC9905700A78684 /* CustomTextFieldView2.swift */; };
		610989BA2BC9905700A78684 /* TypeField.swift in Sources */ = {isa = PBXBuildFile; fileRef = 610989B72BC9905700A78684 /* TypeField.swift */; };
		610989BC2BC99BB900A78684 /* NetworkModel.swift in Sources */ = {isa = PBXBuildFile; fileRef = 610989BB2BC99BB900A78684 /* NetworkModel.swift */; };
		612E339D2BD528DB00D2F2D3 /* KeyChain.swift in Sources */ = {isa = PBXBuildFile; fileRef = 612E339C2BD528DB00D2F2D3 /* KeyChain.swift */; };
		612E33A92BD5895B00D2F2D3 /* DetailProfessionalView.swift in Sources */ = {isa = PBXBuildFile; fileRef = 612E33A82BD5895B00D2F2D3 /* DetailProfessionalView.swift */; };
		612E33AB2BD5896D00D2F2D3 /* DetailProfessionalViewModel.swift in Sources */ = {isa = PBXBuildFile; fileRef = 612E33AA2BD5896D00D2F2D3 /* DetailProfessionalViewModel.swift */; };
		613656952BB3361300DA8A71 /* Bantu_iOSApp.swift in Sources */ = {isa = PBXBuildFile; fileRef = 613656942BB3361300DA8A71 /* Bantu_iOSApp.swift */; };
		613656992BB3361500DA8A71 /* Assets.xcassets in Resources */ = {isa = PBXBuildFile; fileRef = 613656982BB3361500DA8A71 /* Assets.xcassets */; };
		6136569C2BB3361500DA8A71 /* Preview Assets.xcassets in Resources */ = {isa = PBXBuildFile; fileRef = 6136569B2BB3361500DA8A71 /* Preview Assets.xcassets */; };
		6136569E2BB3361500DA8A71 /* Persistence.swift in Sources */ = {isa = PBXBuildFile; fileRef = 6136569D2BB3361500DA8A71 /* Persistence.swift */; };
		613656A12BB3361500DA8A71 /* Bantu_iOS.xcdatamodeld in Sources */ = {isa = PBXBuildFile; fileRef = 6136569F2BB3361500DA8A71 /* Bantu_iOS.xcdatamodeld */; };
		613656AB2BB3361500DA8A71 /* Bantu_iOSTests.swift in Sources */ = {isa = PBXBuildFile; fileRef = 613656AA2BB3361500DA8A71 /* Bantu_iOSTests.swift */; };
		613656B52BB3361500DA8A71 /* Bantu_iOSUITests.swift in Sources */ = {isa = PBXBuildFile; fileRef = 613656B42BB3361500DA8A71 /* Bantu_iOSUITests.swift */; };
		613656B72BB3361500DA8A71 /* Bantu_iOSUITestsLaunchTests.swift in Sources */ = {isa = PBXBuildFile; fileRef = 613656B62BB3361500DA8A71 /* Bantu_iOSUITestsLaunchTests.swift */; };
		613656D72BB33AD400DA8A71 /* ColorAssets.xcassets in Resources */ = {isa = PBXBuildFile; fileRef = 613656D62BB33AD400DA8A71 /* ColorAssets.xcassets */; };
		613656DA2BB33C3700DA8A71 /* Color+Extension.swift in Sources */ = {isa = PBXBuildFile; fileRef = 613656D92BB33C3700DA8A71 /* Color+Extension.swift */; };
		61719A792BB57F4700BD928E /* Localizable.xcstrings in Resources */ = {isa = PBXBuildFile; fileRef = 61719A782BB57F4700BD928E /* Localizable.xcstrings */; };
		6178BD092BC18EA900257502 /* HeaderView.swift in Sources */ = {isa = PBXBuildFile; fileRef = 6178BD082BC18EA800257502 /* HeaderView.swift */; };
		6178BD0B2BC1940900257502 /* HomeClientView.swift in Sources */ = {isa = PBXBuildFile; fileRef = 6178BD0A2BC1940900257502 /* HomeClientView.swift */; };
		618F54272BC296AB0088BD2C /* SearchCoachView.swift in Sources */ = {isa = PBXBuildFile; fileRef = 618F54262BC296AB0088BD2C /* SearchCoachView.swift */; };
		618F542A2BC296D00088BD2C /* SocialView.swift in Sources */ = {isa = PBXBuildFile; fileRef = 618F54292BC296D00088BD2C /* SocialView.swift */; };
		618F542D2BC296E50088BD2C /* SettingsView.swift in Sources */ = {isa = PBXBuildFile; fileRef = 618F542C2BC296E50088BD2C /* SettingsView.swift */; };
		618F542F2BC2BDFD0088BD2C /* ImageHomeComponent.swift in Sources */ = {isa = PBXBuildFile; fileRef = 618F542E2BC2BDFC0088BD2C /* ImageHomeComponent.swift */; };
		618F54332BC2E88F0088BD2C /* RegistrationView.swift in Sources */ = {isa = PBXBuildFile; fileRef = 618F54312BC2E88F0088BD2C /* RegistrationView.swift */; };
		618F54342BC2E88F0088BD2C /* RegistrationViewModel.swift in Sources */ = {isa = PBXBuildFile; fileRef = 618F54322BC2E88F0088BD2C /* RegistrationViewModel.swift */; };
		618F54402BC2FAC10088BD2C /* User.swift in Sources */ = {isa = PBXBuildFile; fileRef = 618F543F2BC2FAC10088BD2C /* User.swift */; };
		618F54422BC2FACB0088BD2C /* Professional.swift in Sources */ = {isa = PBXBuildFile; fileRef = 618F54412BC2FACB0088BD2C /* Professional.swift */; };
		618F54442BC2FAD70088BD2C /* Country.swift in Sources */ = {isa = PBXBuildFile; fileRef = 618F54432BC2FAD70088BD2C /* Country.swift */; };
		618F54462BC2FAE40088BD2C /* Province.swift in Sources */ = {isa = PBXBuildFile; fileRef = 618F54452BC2FAE40088BD2C /* Province.swift */; };
		61A506AF2BD6F1B700BE68EC /* ButtonFilter.swift in Sources */ = {isa = PBXBuildFile; fileRef = 61A506AE2BD6F1B700BE68EC /* ButtonFilter.swift */; };
		61AEE2CB2BD2CCFB009D7890 /* SearchCoachCell.swift in Sources */ = {isa = PBXBuildFile; fileRef = 61AEE2CA2BD2CCFB009D7890 /* SearchCoachCell.swift */; };
		61B444142BD8DA2600C10B27 /* String+Extension.swift in Sources */ = {isa = PBXBuildFile; fileRef = 61B444132BD8DA2600C10B27 /* String+Extension.swift */; };
		61C2EF832BCBD5EF00DB96F9 /* Professional_Type.swift in Sources */ = {isa = PBXBuildFile; fileRef = 61C2EF822BCBD5EE00DB96F9 /* Professional_Type.swift */; };
		61C2EF882BCBF03B00DB96F9 /* SearchCoachViewModel.swift in Sources */ = {isa = PBXBuildFile; fileRef = 61C2EF872BCBF03B00DB96F9 /* SearchCoachViewModel.swift */; };
		61C458D82BB8394A00AE8CF3 /* CheckBoxButton.swift in Sources */ = {isa = PBXBuildFile; fileRef = 61C458D72BB8394A00AE8CF3 /* CheckBoxButton.swift */; };
		61C458DA2BB8396600AE8CF3 /* MainButton.swift in Sources */ = {isa = PBXBuildFile; fileRef = 61C458D92BB8396600AE8CF3 /* MainButton.swift */; };
		61C458E32BB839D400AE8CF3 /* LoginView.swift in Sources */ = {isa = PBXBuildFile; fileRef = 61C458E22BB839D400AE8CF3 /* LoginView.swift */; };
		61C458E52BB839EA00AE8CF3 /* LoginViewModel.swift in Sources */ = {isa = PBXBuildFile; fileRef = 61C458E42BB839EA00AE8CF3 /* LoginViewModel.swift */; };
		61C458E82BB83A0500AE8CF3 /* SplashView.swift in Sources */ = {isa = PBXBuildFile; fileRef = 61C458E72BB83A0500AE8CF3 /* SplashView.swift */; };
		61CBB0AD2BCA5A8600138F67 /* NetworkErrors.swift in Sources */ = {isa = PBXBuildFile; fileRef = 61CBB0AC2BCA5A8600138F67 /* NetworkErrors.swift */; };
		61CBB0B12BCA622300138F67 /* NetworkResponse.swift in Sources */ = {isa = PBXBuildFile; fileRef = 61CBB0B02BCA622300138F67 /* NetworkResponse.swift */; };
		61CBB0B32BCA65E300138F67 /* LoaderView.swift in Sources */ = {isa = PBXBuildFile; fileRef = 61CBB0B22BCA65E300138F67 /* LoaderView.swift */; };
		61CBB0BA2BCA667800138F67 /* AlertView.swift in Sources */ = {isa = PBXBuildFile; fileRef = 61CBB0B92BCA667800138F67 /* AlertView.swift */; };
		61D5B73B2BD4EC2300D96D8C /* PickerRegisterView.swift in Sources */ = {isa = PBXBuildFile; fileRef = 61D5B73A2BD4EC2300D96D8C /* PickerRegisterView.swift */; };
		61D5B73F2BD4F93300D96D8C /* Professional_Mock.swift in Sources */ = {isa = PBXBuildFile; fileRef = 61D5B73E2BD4F93300D96D8C /* Professional_Mock.swift */; };
		61D5B7492BD4FEF800D96D8C /* UserMock.swift in Sources */ = {isa = PBXBuildFile; fileRef = 61D5B7482BD4FEF800D96D8C /* UserMock.swift */; };
		61D5B74B2BD4FF4200D96D8C /* RepositorySilvia.swift in Sources */ = {isa = PBXBuildFile; fileRef = 61D5B74A2BD4FF4200D96D8C /* RepositorySilvia.swift */; };
		61E62D222BC1A1CA00A5A6CF /* TabBarView.swift in Sources */ = {isa = PBXBuildFile; fileRef = 61E62D212BC1A1CA00A5A6CF /* TabBarView.swift */; };
		61EDCB0D2BCA905700D79608 /* HomeCoachView.swift in Sources */ = {isa = PBXBuildFile; fileRef = 61EDCB0C2BCA905700D79608 /* HomeCoachView.swift */; };
		61EDCB0F2BCA906B00D79608 /* AgendaView.swift in Sources */ = {isa = PBXBuildFile; fileRef = 61EDCB0E2BCA906B00D79608 /* AgendaView.swift */; };
/* End PBXBuildFile section */

/* Begin PBXContainerItemProxy section */
		613656A72BB3361500DA8A71 /* PBXContainerItemProxy */ = {
			isa = PBXContainerItemProxy;
			containerPortal = 613656892BB3361300DA8A71 /* Project object */;
			proxyType = 1;
			remoteGlobalIDString = 613656902BB3361300DA8A71;
			remoteInfo = Bantu_iOS;
		};
		613656B12BB3361500DA8A71 /* PBXContainerItemProxy */ = {
			isa = PBXContainerItemProxy;
			containerPortal = 613656892BB3361300DA8A71 /* Project object */;
			proxyType = 1;
			remoteGlobalIDString = 613656902BB3361300DA8A71;
			remoteInfo = Bantu_iOS;
		};
/* End PBXContainerItemProxy section */

/* Begin PBXFileReference section */
		1F169DA12BDA39E30096AB08 /* LoginTests.swift */ = {isa = PBXFileReference; fileEncoding = 4; lastKnownFileType = sourcecode.swift; path = LoginTests.swift; sourceTree = "<group>"; };
		1F169DA32BDA3A410096AB08 /* AuthResponse.swift */ = {isa = PBXFileReference; fileEncoding = 4; lastKnownFileType = sourcecode.swift; path = AuthResponse.swift; sourceTree = "<group>"; };
		1FA56BDB2BD960CF003E3628 /* KeychainTest.swift */ = {isa = PBXFileReference; lastKnownFileType = sourcecode.swift; path = KeychainTest.swift; sourceTree = "<group>"; };
		1FA56BDF2BD96FE2003E3628 /* ProfessionalFake.swift */ = {isa = PBXFileReference; lastKnownFileType = sourcecode.swift; path = ProfessionalFake.swift; sourceTree = "<group>"; };
		1FA56BE12BD97546003E3628 /* ModelsTest.swift */ = {isa = PBXFileReference; lastKnownFileType = sourcecode.swift; path = ModelsTest.swift; sourceTree = "<group>"; };
		1FA56BE32BD976DF003E3628 /* UserFake.swift */ = {isa = PBXFileReference; lastKnownFileType = sourcecode.swift; path = UserFake.swift; sourceTree = "<group>"; };
		1FA56BE52BD9791C003E3628 /* LoginViewModelTest.swift */ = {isa = PBXFileReference; lastKnownFileType = sourcecode.swift; path = LoginViewModelTest.swift; sourceTree = "<group>"; };
		1FDDF8022BECC4E200484DD2 /* UseCase.swift */ = {isa = PBXFileReference; lastKnownFileType = sourcecode.swift; path = UseCase.swift; sourceTree = "<group>"; };
		610989B52BC9905700A78684 /* CustomFieldView2.swift */ = {isa = PBXFileReference; fileEncoding = 4; lastKnownFileType = sourcecode.swift; path = CustomFieldView2.swift; sourceTree = "<group>"; };
		610989B62BC9905700A78684 /* CustomTextFieldView2.swift */ = {isa = PBXFileReference; fileEncoding = 4; lastKnownFileType = sourcecode.swift; path = CustomTextFieldView2.swift; sourceTree = "<group>"; };
		610989B72BC9905700A78684 /* TypeField.swift */ = {isa = PBXFileReference; fileEncoding = 4; lastKnownFileType = sourcecode.swift; path = TypeField.swift; sourceTree = "<group>"; };
		610989BB2BC99BB900A78684 /* NetworkModel.swift */ = {isa = PBXFileReference; lastKnownFileType = sourcecode.swift; path = NetworkModel.swift; sourceTree = "<group>"; };
		612E339C2BD528DB00D2F2D3 /* KeyChain.swift */ = {isa = PBXFileReference; lastKnownFileType = sourcecode.swift; path = KeyChain.swift; sourceTree = "<group>"; };
		612E33A82BD5895B00D2F2D3 /* DetailProfessionalView.swift */ = {isa = PBXFileReference; lastKnownFileType = sourcecode.swift; path = DetailProfessionalView.swift; sourceTree = "<group>"; };
		612E33AA2BD5896D00D2F2D3 /* DetailProfessionalViewModel.swift */ = {isa = PBXFileReference; lastKnownFileType = sourcecode.swift; path = DetailProfessionalViewModel.swift; sourceTree = "<group>"; };
		613656912BB3361300DA8A71 /* Bantu_iOS.app */ = {isa = PBXFileReference; explicitFileType = wrapper.application; includeInIndex = 0; path = Bantu_iOS.app; sourceTree = BUILT_PRODUCTS_DIR; };
		613656942BB3361300DA8A71 /* Bantu_iOSApp.swift */ = {isa = PBXFileReference; lastKnownFileType = sourcecode.swift; path = Bantu_iOSApp.swift; sourceTree = "<group>"; };
		613656982BB3361500DA8A71 /* Assets.xcassets */ = {isa = PBXFileReference; lastKnownFileType = folder.assetcatalog; path = Assets.xcassets; sourceTree = "<group>"; };
		6136569B2BB3361500DA8A71 /* Preview Assets.xcassets */ = {isa = PBXFileReference; lastKnownFileType = folder.assetcatalog; path = "Preview Assets.xcassets"; sourceTree = "<group>"; };
		6136569D2BB3361500DA8A71 /* Persistence.swift */ = {isa = PBXFileReference; lastKnownFileType = sourcecode.swift; path = Persistence.swift; sourceTree = "<group>"; };
		613656A02BB3361500DA8A71 /* Bantu_iOS.xcdatamodel */ = {isa = PBXFileReference; lastKnownFileType = wrapper.xcdatamodel; path = Bantu_iOS.xcdatamodel; sourceTree = "<group>"; };
		613656A62BB3361500DA8A71 /* Bantu_iOSTests.xctest */ = {isa = PBXFileReference; explicitFileType = wrapper.cfbundle; includeInIndex = 0; path = Bantu_iOSTests.xctest; sourceTree = BUILT_PRODUCTS_DIR; };
		613656AA2BB3361500DA8A71 /* Bantu_iOSTests.swift */ = {isa = PBXFileReference; lastKnownFileType = sourcecode.swift; path = Bantu_iOSTests.swift; sourceTree = "<group>"; };
		613656B02BB3361500DA8A71 /* Bantu_iOSUITests.xctest */ = {isa = PBXFileReference; explicitFileType = wrapper.cfbundle; includeInIndex = 0; path = Bantu_iOSUITests.xctest; sourceTree = BUILT_PRODUCTS_DIR; };
		613656B42BB3361500DA8A71 /* Bantu_iOSUITests.swift */ = {isa = PBXFileReference; lastKnownFileType = sourcecode.swift; path = Bantu_iOSUITests.swift; sourceTree = "<group>"; };
		613656B62BB3361500DA8A71 /* Bantu_iOSUITestsLaunchTests.swift */ = {isa = PBXFileReference; lastKnownFileType = sourcecode.swift; path = Bantu_iOSUITestsLaunchTests.swift; sourceTree = "<group>"; };
		613656D62BB33AD400DA8A71 /* ColorAssets.xcassets */ = {isa = PBXFileReference; lastKnownFileType = folder.assetcatalog; path = ColorAssets.xcassets; sourceTree = "<group>"; };
		613656D92BB33C3700DA8A71 /* Color+Extension.swift */ = {isa = PBXFileReference; lastKnownFileType = sourcecode.swift; path = "Color+Extension.swift"; sourceTree = "<group>"; };
		61719A782BB57F4700BD928E /* Localizable.xcstrings */ = {isa = PBXFileReference; lastKnownFileType = text.json.xcstrings; path = Localizable.xcstrings; sourceTree = "<group>"; };
		6178BD082BC18EA800257502 /* HeaderView.swift */ = {isa = PBXFileReference; lastKnownFileType = sourcecode.swift; path = HeaderView.swift; sourceTree = "<group>"; };
		6178BD0A2BC1940900257502 /* HomeClientView.swift */ = {isa = PBXFileReference; lastKnownFileType = sourcecode.swift; path = HomeClientView.swift; sourceTree = "<group>"; };
		618F54262BC296AB0088BD2C /* SearchCoachView.swift */ = {isa = PBXFileReference; lastKnownFileType = sourcecode.swift; path = SearchCoachView.swift; sourceTree = "<group>"; };
		618F54292BC296D00088BD2C /* SocialView.swift */ = {isa = PBXFileReference; lastKnownFileType = sourcecode.swift; path = SocialView.swift; sourceTree = "<group>"; };
		618F542C2BC296E50088BD2C /* SettingsView.swift */ = {isa = PBXFileReference; lastKnownFileType = sourcecode.swift; path = SettingsView.swift; sourceTree = "<group>"; };
		618F542E2BC2BDFC0088BD2C /* ImageHomeComponent.swift */ = {isa = PBXFileReference; lastKnownFileType = sourcecode.swift; path = ImageHomeComponent.swift; sourceTree = "<group>"; };
		618F54312BC2E88F0088BD2C /* RegistrationView.swift */ = {isa = PBXFileReference; fileEncoding = 4; lastKnownFileType = sourcecode.swift; path = RegistrationView.swift; sourceTree = "<group>"; };
		618F54322BC2E88F0088BD2C /* RegistrationViewModel.swift */ = {isa = PBXFileReference; fileEncoding = 4; lastKnownFileType = sourcecode.swift; path = RegistrationViewModel.swift; sourceTree = "<group>"; };
		618F543F2BC2FAC10088BD2C /* User.swift */ = {isa = PBXFileReference; lastKnownFileType = sourcecode.swift; path = User.swift; sourceTree = "<group>"; };
		618F54412BC2FACB0088BD2C /* Professional.swift */ = {isa = PBXFileReference; lastKnownFileType = sourcecode.swift; path = Professional.swift; sourceTree = "<group>"; };
		618F54432BC2FAD70088BD2C /* Country.swift */ = {isa = PBXFileReference; lastKnownFileType = sourcecode.swift; path = Country.swift; sourceTree = "<group>"; };
		618F54452BC2FAE40088BD2C /* Province.swift */ = {isa = PBXFileReference; lastKnownFileType = sourcecode.swift; path = Province.swift; sourceTree = "<group>"; };
		61A506AE2BD6F1B700BE68EC /* ButtonFilter.swift */ = {isa = PBXFileReference; lastKnownFileType = sourcecode.swift; path = ButtonFilter.swift; sourceTree = "<group>"; };
		61AEE2CA2BD2CCFB009D7890 /* SearchCoachCell.swift */ = {isa = PBXFileReference; lastKnownFileType = sourcecode.swift; path = SearchCoachCell.swift; sourceTree = "<group>"; };
		61B444132BD8DA2600C10B27 /* String+Extension.swift */ = {isa = PBXFileReference; lastKnownFileType = sourcecode.swift; path = "String+Extension.swift"; sourceTree = "<group>"; };
		61C2EF822BCBD5EE00DB96F9 /* Professional_Type.swift */ = {isa = PBXFileReference; lastKnownFileType = sourcecode.swift; path = Professional_Type.swift; sourceTree = "<group>"; };
		61C2EF872BCBF03B00DB96F9 /* SearchCoachViewModel.swift */ = {isa = PBXFileReference; lastKnownFileType = sourcecode.swift; path = SearchCoachViewModel.swift; sourceTree = "<group>"; };
		61C458D72BB8394A00AE8CF3 /* CheckBoxButton.swift */ = {isa = PBXFileReference; lastKnownFileType = sourcecode.swift; path = CheckBoxButton.swift; sourceTree = "<group>"; };
		61C458D92BB8396600AE8CF3 /* MainButton.swift */ = {isa = PBXFileReference; lastKnownFileType = sourcecode.swift; path = MainButton.swift; sourceTree = "<group>"; };
		61C458E22BB839D400AE8CF3 /* LoginView.swift */ = {isa = PBXFileReference; lastKnownFileType = sourcecode.swift; path = LoginView.swift; sourceTree = "<group>"; };
		61C458E42BB839EA00AE8CF3 /* LoginViewModel.swift */ = {isa = PBXFileReference; lastKnownFileType = sourcecode.swift; path = LoginViewModel.swift; sourceTree = "<group>"; };
		61C458E72BB83A0500AE8CF3 /* SplashView.swift */ = {isa = PBXFileReference; lastKnownFileType = sourcecode.swift; path = SplashView.swift; sourceTree = "<group>"; };
		61CBB0AC2BCA5A8600138F67 /* NetworkErrors.swift */ = {isa = PBXFileReference; lastKnownFileType = sourcecode.swift; path = NetworkErrors.swift; sourceTree = "<group>"; };
		61CBB0B02BCA622300138F67 /* NetworkResponse.swift */ = {isa = PBXFileReference; lastKnownFileType = sourcecode.swift; path = NetworkResponse.swift; sourceTree = "<group>"; };
		61CBB0B22BCA65E300138F67 /* LoaderView.swift */ = {isa = PBXFileReference; lastKnownFileType = sourcecode.swift; path = LoaderView.swift; sourceTree = "<group>"; };
		61CBB0B92BCA667800138F67 /* AlertView.swift */ = {isa = PBXFileReference; lastKnownFileType = sourcecode.swift; path = AlertView.swift; sourceTree = "<group>"; };
		61D5B73A2BD4EC2300D96D8C /* PickerRegisterView.swift */ = {isa = PBXFileReference; lastKnownFileType = sourcecode.swift; path = PickerRegisterView.swift; sourceTree = "<group>"; };
		61D5B73E2BD4F93300D96D8C /* Professional_Mock.swift */ = {isa = PBXFileReference; lastKnownFileType = sourcecode.swift; path = Professional_Mock.swift; sourceTree = "<group>"; };
		61D5B7482BD4FEF800D96D8C /* UserMock.swift */ = {isa = PBXFileReference; lastKnownFileType = sourcecode.swift; path = UserMock.swift; sourceTree = "<group>"; };
		61D5B74A2BD4FF4200D96D8C /* RepositorySilvia.swift */ = {isa = PBXFileReference; lastKnownFileType = sourcecode.swift; path = RepositorySilvia.swift; sourceTree = "<group>"; };
		61E62D212BC1A1CA00A5A6CF /* TabBarView.swift */ = {isa = PBXFileReference; lastKnownFileType = sourcecode.swift; path = TabBarView.swift; sourceTree = "<group>"; };
		61EDCB0C2BCA905700D79608 /* HomeCoachView.swift */ = {isa = PBXFileReference; fileEncoding = 4; lastKnownFileType = sourcecode.swift; path = HomeCoachView.swift; sourceTree = "<group>"; };
		61EDCB0E2BCA906B00D79608 /* AgendaView.swift */ = {isa = PBXFileReference; fileEncoding = 4; lastKnownFileType = sourcecode.swift; path = AgendaView.swift; sourceTree = "<group>"; };
/* End PBXFileReference section */

/* Begin PBXFrameworksBuildPhase section */
		6136568E2BB3361300DA8A71 /* Frameworks */ = {
			isa = PBXFrameworksBuildPhase;
			buildActionMask = 2147483647;
			files = (
				1F3E6EC52BD91FCC003EC154 /* KeychainSwift in Frameworks */,
			);
			runOnlyForDeploymentPostprocessing = 0;
		};
		613656A32BB3361500DA8A71 /* Frameworks */ = {
			isa = PBXFrameworksBuildPhase;
			buildActionMask = 2147483647;
			files = (
			);
			runOnlyForDeploymentPostprocessing = 0;
		};
		613656AD2BB3361500DA8A71 /* Frameworks */ = {
			isa = PBXFrameworksBuildPhase;
			buildActionMask = 2147483647;
			files = (
			);
			runOnlyForDeploymentPostprocessing = 0;
		};
/* End PBXFrameworksBuildPhase section */

/* Begin PBXGroup section */
		612E339B2BD528C900D2F2D3 /* KeyChain */ = {
			isa = PBXGroup;
			children = (
				612E339C2BD528DB00D2F2D3 /* KeyChain.swift */,
			);
			path = KeyChain;
			sourceTree = "<group>";
		};
		612E339E2BD553A100D2F2D3 /* Frameworks */ = {
			isa = PBXGroup;
			children = (
			);
			name = Frameworks;
			sourceTree = "<group>";
		};
		612E33A52BD5890A00D2F2D3 /* DetailProfessionalView */ = {
			isa = PBXGroup;
			children = (
				612E33A82BD5895B00D2F2D3 /* DetailProfessionalView.swift */,
				612E33AA2BD5896D00D2F2D3 /* DetailProfessionalViewModel.swift */,
			);
			path = DetailProfessionalView;
			sourceTree = "<group>";
		};
		613656882BB3361300DA8A71 = {
			isa = PBXGroup;
			children = (
				613656932BB3361300DA8A71 /* Bantu_iOS */,
				613656A92BB3361500DA8A71 /* Bantu_iOSTests */,
				613656B32BB3361500DA8A71 /* Bantu_iOSUITests */,
				613656922BB3361300DA8A71 /* Products */,
				612E339E2BD553A100D2F2D3 /* Frameworks */,
			);
			sourceTree = "<group>";
		};
		613656922BB3361300DA8A71 /* Products */ = {
			isa = PBXGroup;
			children = (
				613656912BB3361300DA8A71 /* Bantu_iOS.app */,
				613656A62BB3361500DA8A71 /* Bantu_iOSTests.xctest */,
				613656B02BB3361500DA8A71 /* Bantu_iOSUITests.xctest */,
			);
			name = Products;
			sourceTree = "<group>";
		};
		613656932BB3361300DA8A71 /* Bantu_iOS */ = {
			isa = PBXGroup;
			children = (
				618F543D2BC2F88E0088BD2C /* App */,
				61C458D42BB838D800AE8CF3 /* UI */,
				618F543A2BC2F7CE0088BD2C /* Utils  */,
				618F54352BC2F6D60088BD2C /* Domain */,
				6136569F2BB3361500DA8A71 /* Bantu_iOS.xcdatamodeld */,
				613656D52BB3367B00DA8A71 /* Resources */,
				613656D82BB33C2100DA8A71 /* Extensions */,
				6136569A2BB3361500DA8A71 /* Preview Content */,
			);
			path = Bantu_iOS;
			sourceTree = "<group>";
		};
		6136569A2BB3361500DA8A71 /* Preview Content */ = {
			isa = PBXGroup;
			children = (
				6136569B2BB3361500DA8A71 /* Preview Assets.xcassets */,
			);
			path = "Preview Content";
			sourceTree = "<group>";
		};
		613656A92BB3361500DA8A71 /* Bantu_iOSTests */ = {
			isa = PBXGroup;
			children = (
				613656AA2BB3361500DA8A71 /* Bantu_iOSTests.swift */,
				1FA56BDB2BD960CF003E3628 /* KeychainTest.swift */,
				1FA56BE12BD97546003E3628 /* ModelsTest.swift */,
				1FA56BE52BD9791C003E3628 /* LoginViewModelTest.swift */,
				1F169DA12BDA39E30096AB08 /* LoginTests.swift */,
			);
			path = Bantu_iOSTests;
			sourceTree = "<group>";
		};
		613656B32BB3361500DA8A71 /* Bantu_iOSUITests */ = {
			isa = PBXGroup;
			children = (
				613656B42BB3361500DA8A71 /* Bantu_iOSUITests.swift */,
				613656B62BB3361500DA8A71 /* Bantu_iOSUITestsLaunchTests.swift */,
			);
			path = Bantu_iOSUITests;
			sourceTree = "<group>";
		};
		613656D52BB3367B00DA8A71 /* Resources */ = {
			isa = PBXGroup;
			children = (
				613656982BB3361500DA8A71 /* Assets.xcassets */,
				613656D62BB33AD400DA8A71 /* ColorAssets.xcassets */,
			);
			path = Resources;
			sourceTree = "<group>";
		};
		613656D82BB33C2100DA8A71 /* Extensions */ = {
			isa = PBXGroup;
			children = (
				613656D92BB33C3700DA8A71 /* Color+Extension.swift */,
			);
			path = Extensions;
			sourceTree = "<group>";
		};
		618F54252BC296900088BD2C /* Search Coach */ = {
			isa = PBXGroup;
			children = (
				61C2EF892BCC34B100DB96F9 /* Cell */,
				618F54262BC296AB0088BD2C /* SearchCoachView.swift */,
				61C2EF872BCBF03B00DB96F9 /* SearchCoachViewModel.swift */,
			);
			path = "Search Coach";
			sourceTree = "<group>";
		};
		618F54282BC296C00088BD2C /* Social */ = {
			isa = PBXGroup;
			children = (
				618F54292BC296D00088BD2C /* SocialView.swift */,
			);
			path = Social;
			sourceTree = "<group>";
		};
		618F542B2BC296D40088BD2C /* Settings */ = {
			isa = PBXGroup;
			children = (
				618F542C2BC296E50088BD2C /* SettingsView.swift */,
			);
			path = Settings;
			sourceTree = "<group>";
		};
		618F54302BC2E88F0088BD2C /* Registration */ = {
			isa = PBXGroup;
			children = (
				618F54312BC2E88F0088BD2C /* RegistrationView.swift */,
				618F54322BC2E88F0088BD2C /* RegistrationViewModel.swift */,
			);
			path = Registration;
			sourceTree = "<group>";
		};
		618F54352BC2F6D60088BD2C /* Domain */ = {
			isa = PBXGroup;
			children = (
				618F543E2BC2F9A30088BD2C /* UseCases */,
				618F54372BC2F6F20088BD2C /* Models */,
				618F54362BC2F6EA0088BD2C /* Data */,
			);
			path = Domain;
			sourceTree = "<group>";
		};
		618F54362BC2F6EA0088BD2C /* Data */ = {
			isa = PBXGroup;
			children = (
				612E339B2BD528C900D2F2D3 /* KeyChain */,
				618F54392BC2F7C20088BD2C /* Repository */,
				618F54382BC2F7A90088BD2C /* Network */,
			);
			path = Data;
			sourceTree = "<group>";
		};
		618F54372BC2F6F20088BD2C /* Models */ = {
			isa = PBXGroup;
			children = (
				618F543F2BC2FAC10088BD2C /* User.swift */,
				618F54412BC2FACB0088BD2C /* Professional.swift */,
				618F54432BC2FAD70088BD2C /* Country.swift */,
				618F54452BC2FAE40088BD2C /* Province.swift */,
				61C2EF822BCBD5EE00DB96F9 /* Professional_Type.swift */,
				61D5B73E2BD4F93300D96D8C /* Professional_Mock.swift */,
				61D5B7482BD4FEF800D96D8C /* UserMock.swift */,
				1F169DA32BDA3A410096AB08 /* AuthResponse.swift */,
				1FA56BDF2BD96FE2003E3628 /* ProfessionalFake.swift */,
				1FA56BE32BD976DF003E3628 /* UserFake.swift */,
			);
			path = Models;
			sourceTree = "<group>";
		};
		618F54382BC2F7A90088BD2C /* Network */ = {
			isa = PBXGroup;
			children = (
				610989BB2BC99BB900A78684 /* NetworkModel.swift */,
				61CBB0AC2BCA5A8600138F67 /* NetworkErrors.swift */,
				61CBB0B02BCA622300138F67 /* NetworkResponse.swift */,
			);
			path = Network;
			sourceTree = "<group>";
		};
		618F54392BC2F7C20088BD2C /* Repository */ = {
			isa = PBXGroup;
			children = (
				61D5B74A2BD4FF4200D96D8C /* RepositorySilvia.swift */,
			);
			path = Repository;
			sourceTree = "<group>";
		};
		618F543A2BC2F7CE0088BD2C /* Utils  */ = {
			isa = PBXGroup;
			children = (
				61B444132BD8DA2600C10B27 /* String+Extension.swift */,
			);
			path = "Utils ";
			sourceTree = "<group>";
		};
		618F543D2BC2F88E0088BD2C /* App */ = {
			isa = PBXGroup;
			children = (
				613656942BB3361300DA8A71 /* Bantu_iOSApp.swift */,
				6136569D2BB3361500DA8A71 /* Persistence.swift */,
				61719A782BB57F4700BD928E /* Localizable.xcstrings */,
			);
			path = App;
			sourceTree = "<group>";
		};
		618F543E2BC2F9A30088BD2C /* UseCases */ = {
			isa = PBXGroup;
			children = (
				1FDDF8022BECC4E200484DD2 /* UseCase.swift */,
			);
			path = UseCases;
			sourceTree = "<group>";
		};
		61C2EF892BCC34B100DB96F9 /* Cell */ = {
			isa = PBXGroup;
			children = (
				61AEE2CA2BD2CCFB009D7890 /* SearchCoachCell.swift */,
			);
			path = Cell;
			sourceTree = "<group>";
		};
		61C458D42BB838D800AE8CF3 /* UI */ = {
			isa = PBXGroup;
			children = (
				612E33A52BD5890A00D2F2D3 /* DetailProfessionalView */,
				618F542B2BC296D40088BD2C /* Settings */,
				618F54282BC296C00088BD2C /* Social */,
				618F54252BC296900088BD2C /* Search Coach */,
				61C458E92BB83B6200AE8CF3 /* Home */,
				618F54302BC2E88F0088BD2C /* Registration */,
				61C458E12BB839C500AE8CF3 /* Login */,
				61C458E62BB839F800AE8CF3 /* Splash */,
				61C458D52BB838E900AE8CF3 /* Components */,
			);
			path = UI;
			sourceTree = "<group>";
		};
		61C458D52BB838E900AE8CF3 /* Components */ = {
			isa = PBXGroup;
			children = (
				61D5B7392BD4EBFF00D96D8C /* PickerRegisterView */,
				61CBB0B82BCA665B00138F67 /* ViewsComponents */,
				61CBB0B72BCA661D00138F67 /* SharedComponents */,
				61CBB0B62BCA65FE00138F67 /* TextField */,
				61C458D62BB8390200AE8CF3 /* Buttons */,
			);
			path = Components;
			sourceTree = "<group>";
		};
		61C458D62BB8390200AE8CF3 /* Buttons */ = {
			isa = PBXGroup;
			children = (
				61C458D72BB8394A00AE8CF3 /* CheckBoxButton.swift */,
				61C458D92BB8396600AE8CF3 /* MainButton.swift */,
				61A506AE2BD6F1B700BE68EC /* ButtonFilter.swift */,
			);
			path = Buttons;
			sourceTree = "<group>";
		};
		61C458E12BB839C500AE8CF3 /* Login */ = {
			isa = PBXGroup;
			children = (
				61C458E22BB839D400AE8CF3 /* LoginView.swift */,
				61C458E42BB839EA00AE8CF3 /* LoginViewModel.swift */,
			);
			path = Login;
			sourceTree = "<group>";
		};
		61C458E62BB839F800AE8CF3 /* Splash */ = {
			isa = PBXGroup;
			children = (
				61C458E72BB83A0500AE8CF3 /* SplashView.swift */,
			);
			path = Splash;
			sourceTree = "<group>";
		};
		61C458E92BB83B6200AE8CF3 /* Home */ = {
			isa = PBXGroup;
			children = (
				61EDCB0C2BCA905700D79608 /* HomeCoachView.swift */,
				6178BD0A2BC1940900257502 /* HomeClientView.swift */,
			);
			path = Home;
			sourceTree = "<group>";
		};
		61CBB0B62BCA65FE00138F67 /* TextField */ = {
			isa = PBXGroup;
			children = (
				610989B52BC9905700A78684 /* CustomFieldView2.swift */,
				610989B62BC9905700A78684 /* CustomTextFieldView2.swift */,
				610989B72BC9905700A78684 /* TypeField.swift */,
			);
			path = TextField;
			sourceTree = "<group>";
		};
		61CBB0B72BCA661D00138F67 /* SharedComponents */ = {
			isa = PBXGroup;
			children = (
				61E62D212BC1A1CA00A5A6CF /* TabBarView.swift */,
				6178BD082BC18EA800257502 /* HeaderView.swift */,
				61CBB0B22BCA65E300138F67 /* LoaderView.swift */,
				61CBB0B92BCA667800138F67 /* AlertView.swift */,
			);
			path = SharedComponents;
			sourceTree = "<group>";
		};
		61CBB0B82BCA665B00138F67 /* ViewsComponents */ = {
			isa = PBXGroup;
			children = (
				618F542E2BC2BDFC0088BD2C /* ImageHomeComponent.swift */,
				61EDCB0E2BCA906B00D79608 /* AgendaView.swift */,
			);
			path = ViewsComponents;
			sourceTree = "<group>";
		};
		61D5B7392BD4EBFF00D96D8C /* PickerRegisterView */ = {
			isa = PBXGroup;
			children = (
				61D5B73A2BD4EC2300D96D8C /* PickerRegisterView.swift */,
			);
			path = PickerRegisterView;
			sourceTree = "<group>";
		};
/* End PBXGroup section */

/* Begin PBXNativeTarget section */
		613656902BB3361300DA8A71 /* Bantu_iOS */ = {
			isa = PBXNativeTarget;
			buildConfigurationList = 613656BA2BB3361500DA8A71 /* Build configuration list for PBXNativeTarget "Bantu_iOS" */;
			buildPhases = (
				6136568D2BB3361300DA8A71 /* Sources */,
				6136568E2BB3361300DA8A71 /* Frameworks */,
				6136568F2BB3361300DA8A71 /* Resources */,
			);
			buildRules = (
			);
			dependencies = (
			);
			name = Bantu_iOS;
			packageProductDependencies = (
				1F3E6EC42BD91FCC003EC154 /* KeychainSwift */,
			);
			productName = Bantu_iOS;
			productReference = 613656912BB3361300DA8A71 /* Bantu_iOS.app */;
			productType = "com.apple.product-type.application";
		};
		613656A52BB3361500DA8A71 /* Bantu_iOSTests */ = {
			isa = PBXNativeTarget;
			buildConfigurationList = 613656BD2BB3361500DA8A71 /* Build configuration list for PBXNativeTarget "Bantu_iOSTests" */;
			buildPhases = (
				613656A22BB3361500DA8A71 /* Sources */,
				613656A32BB3361500DA8A71 /* Frameworks */,
				613656A42BB3361500DA8A71 /* Resources */,
			);
			buildRules = (
			);
			dependencies = (
				613656A82BB3361500DA8A71 /* PBXTargetDependency */,
			);
			name = Bantu_iOSTests;
			productName = Bantu_iOSTests;
			productReference = 613656A62BB3361500DA8A71 /* Bantu_iOSTests.xctest */;
			productType = "com.apple.product-type.bundle.unit-test";
		};
		613656AF2BB3361500DA8A71 /* Bantu_iOSUITests */ = {
			isa = PBXNativeTarget;
			buildConfigurationList = 613656C02BB3361500DA8A71 /* Build configuration list for PBXNativeTarget "Bantu_iOSUITests" */;
			buildPhases = (
				613656AC2BB3361500DA8A71 /* Sources */,
				613656AD2BB3361500DA8A71 /* Frameworks */,
				613656AE2BB3361500DA8A71 /* Resources */,
			);
			buildRules = (
			);
			dependencies = (
				613656B22BB3361500DA8A71 /* PBXTargetDependency */,
			);
			name = Bantu_iOSUITests;
			productName = Bantu_iOSUITests;
			productReference = 613656B02BB3361500DA8A71 /* Bantu_iOSUITests.xctest */;
			productType = "com.apple.product-type.bundle.ui-testing";
		};
/* End PBXNativeTarget section */

/* Begin PBXProject section */
		613656892BB3361300DA8A71 /* Project object */ = {
			isa = PBXProject;
			attributes = {
				BuildIndependentTargetsInParallel = 1;
				LastSwiftUpdateCheck = 1500;
				LastUpgradeCheck = 1500;
				TargetAttributes = {
					613656902BB3361300DA8A71 = {
						CreatedOnToolsVersion = 15.0.1;
					};
					613656A52BB3361500DA8A71 = {
						CreatedOnToolsVersion = 15.0.1;
						TestTargetID = 613656902BB3361300DA8A71;
					};
					613656AF2BB3361500DA8A71 = {
						CreatedOnToolsVersion = 15.0.1;
						TestTargetID = 613656902BB3361300DA8A71;
					};
				};
			};
			buildConfigurationList = 6136568C2BB3361300DA8A71 /* Build configuration list for PBXProject "Bantu_iOS" */;
			compatibilityVersion = "Xcode 14.0";
			developmentRegion = en;
			hasScannedForEncodings = 0;
			knownRegions = (
				en,
				Base,
				es,
				ca,
			);
			mainGroup = 613656882BB3361300DA8A71;
			packageReferences = (
				1F3E6EC32BD91FCC003EC154 /* XCRemoteSwiftPackageReference "keychain-swift" */,
			);
			productRefGroup = 613656922BB3361300DA8A71 /* Products */;
			projectDirPath = "";
			projectRoot = "";
			targets = (
				613656902BB3361300DA8A71 /* Bantu_iOS */,
				613656A52BB3361500DA8A71 /* Bantu_iOSTests */,
				613656AF2BB3361500DA8A71 /* Bantu_iOSUITests */,
			);
		};
/* End PBXProject section */

/* Begin PBXResourcesBuildPhase section */
		6136568F2BB3361300DA8A71 /* Resources */ = {
			isa = PBXResourcesBuildPhase;
			buildActionMask = 2147483647;
			files = (
				6136569C2BB3361500DA8A71 /* Preview Assets.xcassets in Resources */,
				61719A792BB57F4700BD928E /* Localizable.xcstrings in Resources */,
				613656D72BB33AD400DA8A71 /* ColorAssets.xcassets in Resources */,
				613656992BB3361500DA8A71 /* Assets.xcassets in Resources */,
			);
			runOnlyForDeploymentPostprocessing = 0;
		};
		613656A42BB3361500DA8A71 /* Resources */ = {
			isa = PBXResourcesBuildPhase;
			buildActionMask = 2147483647;
			files = (
			);
			runOnlyForDeploymentPostprocessing = 0;
		};
		613656AE2BB3361500DA8A71 /* Resources */ = {
			isa = PBXResourcesBuildPhase;
			buildActionMask = 2147483647;
			files = (
			);
			runOnlyForDeploymentPostprocessing = 0;
		};
/* End PBXResourcesBuildPhase section */

/* Begin PBXSourcesBuildPhase section */
		6136568D2BB3361300DA8A71 /* Sources */ = {
			isa = PBXSourcesBuildPhase;
			buildActionMask = 2147483647;
			files = (
				6136569E2BB3361500DA8A71 /* Persistence.swift in Sources */,
				612E33AB2BD5896D00D2F2D3 /* DetailProfessionalViewModel.swift in Sources */,
				610989BA2BC9905700A78684 /* TypeField.swift in Sources */,
				61EDCB0F2BCA906B00D79608 /* AgendaView.swift in Sources */,
				61A506AF2BD6F1B700BE68EC /* ButtonFilter.swift in Sources */,
				61C458E52BB839EA00AE8CF3 /* LoginViewModel.swift in Sources */,
				61C2EF882BCBF03B00DB96F9 /* SearchCoachViewModel.swift in Sources */,
				612E339D2BD528DB00D2F2D3 /* KeyChain.swift in Sources */,
				61D5B74B2BD4FF4200D96D8C /* RepositorySilvia.swift in Sources */,
				618F542F2BC2BDFD0088BD2C /* ImageHomeComponent.swift in Sources */,
				1FA56BE02BD96FE2003E3628 /* ProfessionalFake.swift in Sources */,
				618F54422BC2FACB0088BD2C /* Professional.swift in Sources */,
				618F542D2BC296E50088BD2C /* SettingsView.swift in Sources */,
				1FDDF8032BECC4E200484DD2 /* UseCase.swift in Sources */,
				613656DA2BB33C3700DA8A71 /* Color+Extension.swift in Sources */,
				61C458DA2BB8396600AE8CF3 /* MainButton.swift in Sources */,
				61D5B73F2BD4F93300D96D8C /* Professional_Mock.swift in Sources */,
				61CBB0B12BCA622300138F67 /* NetworkResponse.swift in Sources */,
				618F54442BC2FAD70088BD2C /* Country.swift in Sources */,
				61AEE2CB2BD2CCFB009D7890 /* SearchCoachCell.swift in Sources */,
				61C458E82BB83A0500AE8CF3 /* SplashView.swift in Sources */,
				610989B92BC9905700A78684 /* CustomTextFieldView2.swift in Sources */,
				61D5B7492BD4FEF800D96D8C /* UserMock.swift in Sources */,
				61C458D82BB8394A00AE8CF3 /* CheckBoxButton.swift in Sources */,
				618F54342BC2E88F0088BD2C /* RegistrationViewModel.swift in Sources */,
				6178BD0B2BC1940900257502 /* HomeClientView.swift in Sources */,
				613656A12BB3361500DA8A71 /* Bantu_iOS.xcdatamodeld in Sources */,
				61EDCB0D2BCA905700D79608 /* HomeCoachView.swift in Sources */,
				61E62D222BC1A1CA00A5A6CF /* TabBarView.swift in Sources */,
				613656952BB3361300DA8A71 /* Bantu_iOSApp.swift in Sources */,
				610989BC2BC99BB900A78684 /* NetworkModel.swift in Sources */,
				61C458E32BB839D400AE8CF3 /* LoginView.swift in Sources */,
				61CBB0B32BCA65E300138F67 /* LoaderView.swift in Sources */,
				618F542A2BC296D00088BD2C /* SocialView.swift in Sources */,
				618F54462BC2FAE40088BD2C /* Province.swift in Sources */,
				612E33A92BD5895B00D2F2D3 /* DetailProfessionalView.swift in Sources */,
				610989B82BC9905700A78684 /* CustomFieldView2.swift in Sources */,
				6178BD092BC18EA900257502 /* HeaderView.swift in Sources */,
				61B444142BD8DA2600C10B27 /* String+Extension.swift in Sources */,
				61D5B73B2BD4EC2300D96D8C /* PickerRegisterView.swift in Sources */,
				61CBB0AD2BCA5A8600138F67 /* NetworkErrors.swift in Sources */,
				618F54272BC296AB0088BD2C /* SearchCoachView.swift in Sources */,
				618F54332BC2E88F0088BD2C /* RegistrationView.swift in Sources */,
				618F54402BC2FAC10088BD2C /* User.swift in Sources */,
				1FA56BE42BD976DF003E3628 /* UserFake.swift in Sources */,
				61CBB0BA2BCA667800138F67 /* AlertView.swift in Sources */,
				1F169DA42BDA3A410096AB08 /* AuthResponse.swift in Sources */,
				61C2EF832BCBD5EF00DB96F9 /* Professional_Type.swift in Sources */,
			);
			runOnlyForDeploymentPostprocessing = 0;
		};
		613656A22BB3361500DA8A71 /* Sources */ = {
			isa = PBXSourcesBuildPhase;
			buildActionMask = 2147483647;
			files = (
				1FA56BE62BD9791C003E3628 /* LoginViewModelTest.swift in Sources */,
				613656AB2BB3361500DA8A71 /* Bantu_iOSTests.swift in Sources */,
				1FA56BDC2BD960CF003E3628 /* KeychainTest.swift in Sources */,
				1F169DA22BDA39E30096AB08 /* LoginTests.swift in Sources */,
				1FA56BE22BD97546003E3628 /* ModelsTest.swift in Sources */,
			);
			runOnlyForDeploymentPostprocessing = 0;
		};
		613656AC2BB3361500DA8A71 /* Sources */ = {
			isa = PBXSourcesBuildPhase;
			buildActionMask = 2147483647;
			files = (
				613656B52BB3361500DA8A71 /* Bantu_iOSUITests.swift in Sources */,
				613656B72BB3361500DA8A71 /* Bantu_iOSUITestsLaunchTests.swift in Sources */,
			);
			runOnlyForDeploymentPostprocessing = 0;
		};
/* End PBXSourcesBuildPhase section */

/* Begin PBXTargetDependency section */
		613656A82BB3361500DA8A71 /* PBXTargetDependency */ = {
			isa = PBXTargetDependency;
			target = 613656902BB3361300DA8A71 /* Bantu_iOS */;
			targetProxy = 613656A72BB3361500DA8A71 /* PBXContainerItemProxy */;
		};
		613656B22BB3361500DA8A71 /* PBXTargetDependency */ = {
			isa = PBXTargetDependency;
			target = 613656902BB3361300DA8A71 /* Bantu_iOS */;
			targetProxy = 613656B12BB3361500DA8A71 /* PBXContainerItemProxy */;
		};
/* End PBXTargetDependency section */

/* Begin XCBuildConfiguration section */
		613656B82BB3361500DA8A71 /* Debug */ = {
			isa = XCBuildConfiguration;
			buildSettings = {
				ALWAYS_SEARCH_USER_PATHS = NO;
				ASSETCATALOG_COMPILER_GENERATE_SWIFT_ASSET_SYMBOL_EXTENSIONS = YES;
				CLANG_ANALYZER_NONNULL = YES;
				CLANG_ANALYZER_NUMBER_OBJECT_CONVERSION = YES_AGGRESSIVE;
				CLANG_CXX_LANGUAGE_STANDARD = "gnu++20";
				CLANG_ENABLE_MODULES = YES;
				CLANG_ENABLE_OBJC_ARC = YES;
				CLANG_ENABLE_OBJC_WEAK = YES;
				CLANG_WARN_BLOCK_CAPTURE_AUTORELEASING = YES;
				CLANG_WARN_BOOL_CONVERSION = YES;
				CLANG_WARN_COMMA = YES;
				CLANG_WARN_CONSTANT_CONVERSION = YES;
				CLANG_WARN_DEPRECATED_OBJC_IMPLEMENTATIONS = YES;
				CLANG_WARN_DIRECT_OBJC_ISA_USAGE = YES_ERROR;
				CLANG_WARN_DOCUMENTATION_COMMENTS = YES;
				CLANG_WARN_EMPTY_BODY = YES;
				CLANG_WARN_ENUM_CONVERSION = YES;
				CLANG_WARN_INFINITE_RECURSION = YES;
				CLANG_WARN_INT_CONVERSION = YES;
				CLANG_WARN_NON_LITERAL_NULL_CONVERSION = YES;
				CLANG_WARN_OBJC_IMPLICIT_RETAIN_SELF = YES;
				CLANG_WARN_OBJC_LITERAL_CONVERSION = YES;
				CLANG_WARN_OBJC_ROOT_CLASS = YES_ERROR;
				CLANG_WARN_QUOTED_INCLUDE_IN_FRAMEWORK_HEADER = YES;
				CLANG_WARN_RANGE_LOOP_ANALYSIS = YES;
				CLANG_WARN_STRICT_PROTOTYPES = YES;
				CLANG_WARN_SUSPICIOUS_MOVE = YES;
				CLANG_WARN_UNGUARDED_AVAILABILITY = YES_AGGRESSIVE;
				CLANG_WARN_UNREACHABLE_CODE = YES;
				CLANG_WARN__DUPLICATE_METHOD_MATCH = YES;
				COPY_PHASE_STRIP = NO;
				DEBUG_INFORMATION_FORMAT = dwarf;
				ENABLE_STRICT_OBJC_MSGSEND = YES;
				ENABLE_TESTABILITY = YES;
				ENABLE_USER_SCRIPT_SANDBOXING = YES;
				GCC_C_LANGUAGE_STANDARD = gnu17;
				GCC_DYNAMIC_NO_PIC = NO;
				GCC_NO_COMMON_BLOCKS = YES;
				GCC_OPTIMIZATION_LEVEL = 0;
				GCC_PREPROCESSOR_DEFINITIONS = (
					"DEBUG=1",
					"$(inherited)",
				);
				GCC_WARN_64_TO_32_BIT_CONVERSION = YES;
				GCC_WARN_ABOUT_RETURN_TYPE = YES_ERROR;
				GCC_WARN_UNDECLARED_SELECTOR = YES;
				GCC_WARN_UNINITIALIZED_AUTOS = YES_AGGRESSIVE;
				GCC_WARN_UNUSED_FUNCTION = YES;
				GCC_WARN_UNUSED_VARIABLE = YES;
				IPHONEOS_DEPLOYMENT_TARGET = 16.0;
				LOCALIZATION_PREFERS_STRING_CATALOGS = YES;
				MTL_ENABLE_DEBUG_INFO = INCLUDE_SOURCE;
				MTL_FAST_MATH = YES;
				ONLY_ACTIVE_ARCH = YES;
				SDKROOT = iphoneos;
				SWIFT_ACTIVE_COMPILATION_CONDITIONS = "DEBUG $(inherited)";
				SWIFT_OPTIMIZATION_LEVEL = "-Onone";
			};
			name = Debug;
		};
		613656B92BB3361500DA8A71 /* Release */ = {
			isa = XCBuildConfiguration;
			buildSettings = {
				ALWAYS_SEARCH_USER_PATHS = NO;
				ASSETCATALOG_COMPILER_GENERATE_SWIFT_ASSET_SYMBOL_EXTENSIONS = YES;
				CLANG_ANALYZER_NONNULL = YES;
				CLANG_ANALYZER_NUMBER_OBJECT_CONVERSION = YES_AGGRESSIVE;
				CLANG_CXX_LANGUAGE_STANDARD = "gnu++20";
				CLANG_ENABLE_MODULES = YES;
				CLANG_ENABLE_OBJC_ARC = YES;
				CLANG_ENABLE_OBJC_WEAK = YES;
				CLANG_WARN_BLOCK_CAPTURE_AUTORELEASING = YES;
				CLANG_WARN_BOOL_CONVERSION = YES;
				CLANG_WARN_COMMA = YES;
				CLANG_WARN_CONSTANT_CONVERSION = YES;
				CLANG_WARN_DEPRECATED_OBJC_IMPLEMENTATIONS = YES;
				CLANG_WARN_DIRECT_OBJC_ISA_USAGE = YES_ERROR;
				CLANG_WARN_DOCUMENTATION_COMMENTS = YES;
				CLANG_WARN_EMPTY_BODY = YES;
				CLANG_WARN_ENUM_CONVERSION = YES;
				CLANG_WARN_INFINITE_RECURSION = YES;
				CLANG_WARN_INT_CONVERSION = YES;
				CLANG_WARN_NON_LITERAL_NULL_CONVERSION = YES;
				CLANG_WARN_OBJC_IMPLICIT_RETAIN_SELF = YES;
				CLANG_WARN_OBJC_LITERAL_CONVERSION = YES;
				CLANG_WARN_OBJC_ROOT_CLASS = YES_ERROR;
				CLANG_WARN_QUOTED_INCLUDE_IN_FRAMEWORK_HEADER = YES;
				CLANG_WARN_RANGE_LOOP_ANALYSIS = YES;
				CLANG_WARN_STRICT_PROTOTYPES = YES;
				CLANG_WARN_SUSPICIOUS_MOVE = YES;
				CLANG_WARN_UNGUARDED_AVAILABILITY = YES_AGGRESSIVE;
				CLANG_WARN_UNREACHABLE_CODE = YES;
				CLANG_WARN__DUPLICATE_METHOD_MATCH = YES;
				COPY_PHASE_STRIP = NO;
				DEBUG_INFORMATION_FORMAT = "dwarf-with-dsym";
				ENABLE_NS_ASSERTIONS = NO;
				ENABLE_STRICT_OBJC_MSGSEND = YES;
				ENABLE_USER_SCRIPT_SANDBOXING = YES;
				GCC_C_LANGUAGE_STANDARD = gnu17;
				GCC_NO_COMMON_BLOCKS = YES;
				GCC_WARN_64_TO_32_BIT_CONVERSION = YES;
				GCC_WARN_ABOUT_RETURN_TYPE = YES_ERROR;
				GCC_WARN_UNDECLARED_SELECTOR = YES;
				GCC_WARN_UNINITIALIZED_AUTOS = YES_AGGRESSIVE;
				GCC_WARN_UNUSED_FUNCTION = YES;
				GCC_WARN_UNUSED_VARIABLE = YES;
				IPHONEOS_DEPLOYMENT_TARGET = 16.0;
				LOCALIZATION_PREFERS_STRING_CATALOGS = YES;
				MTL_ENABLE_DEBUG_INFO = NO;
				MTL_FAST_MATH = YES;
				SDKROOT = iphoneos;
				SWIFT_COMPILATION_MODE = wholemodule;
				VALIDATE_PRODUCT = YES;
			};
			name = Release;
		};
		613656BB2BB3361500DA8A71 /* Debug */ = {
			isa = XCBuildConfiguration;
			buildSettings = {
				ASSETCATALOG_COMPILER_APPICON_NAME = AppIcon;
				ASSETCATALOG_COMPILER_GLOBAL_ACCENT_COLOR_NAME = AccentColor;
				CODE_SIGN_STYLE = Automatic;
				CURRENT_PROJECT_VERSION = 1;
				DEVELOPMENT_ASSET_PATHS = "\"Bantu_iOS/Preview Content\"";
				DEVELOPMENT_TEAM = Z6336UHQ5Z;
				ENABLE_PREVIEWS = YES;
				GENERATE_INFOPLIST_FILE = YES;
				INFOPLIST_KEY_UIApplicationSceneManifest_Generation = YES;
				INFOPLIST_KEY_UIApplicationSupportsIndirectInputEvents = YES;
				INFOPLIST_KEY_UILaunchScreen_Generation = YES;
				INFOPLIST_KEY_UISupportedInterfaceOrientations_iPad = "UIInterfaceOrientationPortrait UIInterfaceOrientationPortraitUpsideDown UIInterfaceOrientationLandscapeLeft UIInterfaceOrientationLandscapeRight";
				INFOPLIST_KEY_UISupportedInterfaceOrientations_iPhone = "UIInterfaceOrientationPortrait UIInterfaceOrientationLandscapeLeft UIInterfaceOrientationLandscapeRight";
				IPHONEOS_DEPLOYMENT_TARGET = 16.0;
				LD_RUNPATH_SEARCH_PATHS = (
					"$(inherited)",
					"@executable_path/Frameworks",
				);
				MARKETING_VERSION = 1.0;
				PRODUCT_BUNDLE_IDENTIFIER = "es.kreset.Bantu-iOS";
				PRODUCT_NAME = "$(TARGET_NAME)";
				SWIFT_EMIT_LOC_STRINGS = YES;
				SWIFT_VERSION = 5.0;
				TARGETED_DEVICE_FAMILY = "1,2";
			};
			name = Debug;
		};
		613656BC2BB3361500DA8A71 /* Release */ = {
			isa = XCBuildConfiguration;
			buildSettings = {
				ASSETCATALOG_COMPILER_APPICON_NAME = AppIcon;
				ASSETCATALOG_COMPILER_GLOBAL_ACCENT_COLOR_NAME = AccentColor;
				CODE_SIGN_STYLE = Automatic;
				CURRENT_PROJECT_VERSION = 1;
				DEVELOPMENT_ASSET_PATHS = "\"Bantu_iOS/Preview Content\"";
				DEVELOPMENT_TEAM = Z6336UHQ5Z;
				ENABLE_PREVIEWS = YES;
				GENERATE_INFOPLIST_FILE = YES;
				INFOPLIST_KEY_UIApplicationSceneManifest_Generation = YES;
				INFOPLIST_KEY_UIApplicationSupportsIndirectInputEvents = YES;
				INFOPLIST_KEY_UILaunchScreen_Generation = YES;
				INFOPLIST_KEY_UISupportedInterfaceOrientations_iPad = "UIInterfaceOrientationPortrait UIInterfaceOrientationPortraitUpsideDown UIInterfaceOrientationLandscapeLeft UIInterfaceOrientationLandscapeRight";
				INFOPLIST_KEY_UISupportedInterfaceOrientations_iPhone = "UIInterfaceOrientationPortrait UIInterfaceOrientationLandscapeLeft UIInterfaceOrientationLandscapeRight";
				IPHONEOS_DEPLOYMENT_TARGET = 16.0;
				LD_RUNPATH_SEARCH_PATHS = (
					"$(inherited)",
					"@executable_path/Frameworks",
				);
				MARKETING_VERSION = 1.0;
				PRODUCT_BUNDLE_IDENTIFIER = "es.kreset.Bantu-iOS";
				PRODUCT_NAME = "$(TARGET_NAME)";
				SWIFT_EMIT_LOC_STRINGS = YES;
				SWIFT_VERSION = 5.0;
				TARGETED_DEVICE_FAMILY = "1,2";
			};
			name = Release;
		};
		613656BE2BB3361500DA8A71 /* Debug */ = {
			isa = XCBuildConfiguration;
			buildSettings = {
				ALWAYS_EMBED_SWIFT_STANDARD_LIBRARIES = YES;
				BUNDLE_LOADER = "$(TEST_HOST)";
				CODE_SIGN_STYLE = Automatic;
				CURRENT_PROJECT_VERSION = 1;
				DEVELOPMENT_TEAM = Z6336UHQ5Z;
				GENERATE_INFOPLIST_FILE = YES;
				IPHONEOS_DEPLOYMENT_TARGET = 16.0;
				MARKETING_VERSION = 1.0;
				PRODUCT_BUNDLE_IDENTIFIER = "es.kreset.Bantu-iOSTests";
				PRODUCT_NAME = "$(TARGET_NAME)";
				SWIFT_EMIT_LOC_STRINGS = NO;
				SWIFT_VERSION = 5.0;
				TARGETED_DEVICE_FAMILY = "1,2";
				TEST_HOST = "$(BUILT_PRODUCTS_DIR)/Bantu_iOS.app/$(BUNDLE_EXECUTABLE_FOLDER_PATH)/Bantu_iOS";
			};
			name = Debug;
		};
		613656BF2BB3361500DA8A71 /* Release */ = {
			isa = XCBuildConfiguration;
			buildSettings = {
				ALWAYS_EMBED_SWIFT_STANDARD_LIBRARIES = YES;
				BUNDLE_LOADER = "$(TEST_HOST)";
				CODE_SIGN_STYLE = Automatic;
				CURRENT_PROJECT_VERSION = 1;
				DEVELOPMENT_TEAM = Z6336UHQ5Z;
				GENERATE_INFOPLIST_FILE = YES;
				IPHONEOS_DEPLOYMENT_TARGET = 16.0;
				MARKETING_VERSION = 1.0;
				PRODUCT_BUNDLE_IDENTIFIER = "es.kreset.Bantu-iOSTests";
				PRODUCT_NAME = "$(TARGET_NAME)";
				SWIFT_EMIT_LOC_STRINGS = NO;
				SWIFT_VERSION = 5.0;
				TARGETED_DEVICE_FAMILY = "1,2";
				TEST_HOST = "$(BUILT_PRODUCTS_DIR)/Bantu_iOS.app/$(BUNDLE_EXECUTABLE_FOLDER_PATH)/Bantu_iOS";
			};
			name = Release;
		};
		613656C12BB3361500DA8A71 /* Debug */ = {
			isa = XCBuildConfiguration;
			buildSettings = {
				ALWAYS_EMBED_SWIFT_STANDARD_LIBRARIES = YES;
				CODE_SIGN_STYLE = Automatic;
				CURRENT_PROJECT_VERSION = 1;
				DEVELOPMENT_TEAM = Z6336UHQ5Z;
				GENERATE_INFOPLIST_FILE = YES;
				MARKETING_VERSION = 1.0;
				PRODUCT_BUNDLE_IDENTIFIER = "es.kreset.Bantu-iOSUITests";
				PRODUCT_NAME = "$(TARGET_NAME)";
				SWIFT_EMIT_LOC_STRINGS = NO;
				SWIFT_VERSION = 5.0;
				TARGETED_DEVICE_FAMILY = "1,2";
				TEST_TARGET_NAME = Bantu_iOS;
			};
			name = Debug;
		};
		613656C22BB3361500DA8A71 /* Release */ = {
			isa = XCBuildConfiguration;
			buildSettings = {
				ALWAYS_EMBED_SWIFT_STANDARD_LIBRARIES = YES;
				CODE_SIGN_STYLE = Automatic;
				CURRENT_PROJECT_VERSION = 1;
				DEVELOPMENT_TEAM = Z6336UHQ5Z;
				GENERATE_INFOPLIST_FILE = YES;
				MARKETING_VERSION = 1.0;
				PRODUCT_BUNDLE_IDENTIFIER = "es.kreset.Bantu-iOSUITests";
				PRODUCT_NAME = "$(TARGET_NAME)";
				SWIFT_EMIT_LOC_STRINGS = NO;
				SWIFT_VERSION = 5.0;
				TARGETED_DEVICE_FAMILY = "1,2";
				TEST_TARGET_NAME = Bantu_iOS;
			};
			name = Release;
		};
/* End XCBuildConfiguration section */

/* Begin XCConfigurationList section */
		6136568C2BB3361300DA8A71 /* Build configuration list for PBXProject "Bantu_iOS" */ = {
			isa = XCConfigurationList;
			buildConfigurations = (
				613656B82BB3361500DA8A71 /* Debug */,
				613656B92BB3361500DA8A71 /* Release */,
			);
			defaultConfigurationIsVisible = 0;
			defaultConfigurationName = Release;
		};
		613656BA2BB3361500DA8A71 /* Build configuration list for PBXNativeTarget "Bantu_iOS" */ = {
			isa = XCConfigurationList;
			buildConfigurations = (
				613656BB2BB3361500DA8A71 /* Debug */,
				613656BC2BB3361500DA8A71 /* Release */,
			);
			defaultConfigurationIsVisible = 0;
			defaultConfigurationName = Release;
		};
		613656BD2BB3361500DA8A71 /* Build configuration list for PBXNativeTarget "Bantu_iOSTests" */ = {
			isa = XCConfigurationList;
			buildConfigurations = (
				613656BE2BB3361500DA8A71 /* Debug */,
				613656BF2BB3361500DA8A71 /* Release */,
			);
			defaultConfigurationIsVisible = 0;
			defaultConfigurationName = Release;
		};
		613656C02BB3361500DA8A71 /* Build configuration list for PBXNativeTarget "Bantu_iOSUITests" */ = {
			isa = XCConfigurationList;
			buildConfigurations = (
				613656C12BB3361500DA8A71 /* Debug */,
				613656C22BB3361500DA8A71 /* Release */,
			);
			defaultConfigurationIsVisible = 0;
			defaultConfigurationName = Release;
		};
/* End XCConfigurationList section */

/* Begin XCRemoteSwiftPackageReference section */
		1F3E6EC32BD91FCC003EC154 /* XCRemoteSwiftPackageReference "keychain-swift" */ = {
			isa = XCRemoteSwiftPackageReference;
			repositoryURL = "https://github.com/evgenyneu/keychain-swift.git";
			requirement = {
				branch = master;
				kind = branch;
			};
		};
/* End XCRemoteSwiftPackageReference section */

/* Begin XCSwiftPackageProductDependency section */
		1F3E6EC42BD91FCC003EC154 /* KeychainSwift */ = {
			isa = XCSwiftPackageProductDependency;
			package = 1F3E6EC32BD91FCC003EC154 /* XCRemoteSwiftPackageReference "keychain-swift" */;
			productName = KeychainSwift;
		};
/* End XCSwiftPackageProductDependency section */

/* Begin XCVersionGroup section */
		6136569F2BB3361500DA8A71 /* Bantu_iOS.xcdatamodeld */ = {
			isa = XCVersionGroup;
			children = (
				613656A02BB3361500DA8A71 /* Bantu_iOS.xcdatamodel */,
			);
			currentVersion = 613656A02BB3361500DA8A71 /* Bantu_iOS.xcdatamodel */;
			path = Bantu_iOS.xcdatamodeld;
			sourceTree = "<group>";
			versionGroupType = wrapper.xcdatamodel;
		};
/* End XCVersionGroup section */
	};
	rootObject = 613656892BB3361300DA8A71 /* Project object */;
}
